
Microsoft Visual Studio Solution File, Format Version 12.00
# Visual Studio 15
VisualStudioVersion = 15.0.28307.852
MinimumVisualStudioVersion = 10.0.40219.1
Project("{FAE04EC0-301F-11D3-BF4B-00C04F79EFBC}") = "HotelReservation", "HotelReservation\HotelReservation.csproj", "{981C3E9E-A2EA-4AF4-A60D-F7EE569CB604}"
EndProject
Project("{FAE04EC0-301F-11D3-BF4B-00C04F79EFBC}") = "HotelReservationTest", "HotelReservationTest\HotelReservationTest.csproj", "{BB71047B-E662-402C-A884-BB52A763B4A8}"
EndProject
Global
	GlobalSection(SolutionConfigurationPlatforms) = preSolution
		Debug|Any CPU = Debug|Any CPU
		Release|Any CPU = Release|Any CPU
	EndGlobalSection
	GlobalSection(ProjectConfigurationPlatforms) = postSolution
		{981C3E9E-A2EA-4AF4-A60D-F7EE569CB604}.Debug|Any CPU.ActiveCfg = Debug|Any CPU
		{981C3E9E-A2EA-4AF4-A60D-F7EE569CB604}.Debug|Any CPU.Build.0 = Debug|Any CPU
		{981C3E9E-A2EA-4AF4-A60D-F7EE569CB604}.Release|Any CPU.ActiveCfg = Release|Any CPU
		{981C3E9E-A2EA-4AF4-A60D-F7EE569CB604}.Release|Any CPU.Build.0 = Release|Any CPU
		{BB71047B-E662-402C-A884-BB52A763B4A8}.Debug|Any CPU.ActiveCfg = Debug|Any CPU
		{BB71047B-E662-402C-A884-BB52A763B4A8}.Debug|Any CPU.Build.0 = Debug|Any CPU
		{BB71047B-E662-402C-A884-BB52A763B4A8}.Release|Any CPU.ActiveCfg = Release|Any CPU
		{BB71047B-E662-402C-A884-BB52A763B4A8}.Release|Any CPU.Build.0 = Release|Any CPU
	EndGlobalSection
	GlobalSection(SolutionProperties) = preSolution
		HideSolutionNode = FALSE
	EndGlobalSection
	GlobalSection(ExtensibilityGlobals) = postSolution
		SolutionGuid = {9515A44A-E68B-45C9-9397-AF79C64CCB78}
	EndGlobalSection
EndGlobal
